
Microsoft Visual Studio Solution File, Format Version 12.00
# Visual Studio 2012
Project("{FAE04EC0-301F-11D3-BF4B-00C04F79EFBC}") = "Delegate2", "Delegate2\Delegate2.csproj", "{B52BDD55-58C0-43C4-8CB3-EBFF4EA5D89C}"
EndProject
Global
	GlobalSection(SolutionConfigurationPlatforms) = preSolution
		Debug|Any CPU = Debug|Any CPU
		Release|Any CPU = Release|Any CPU
	EndGlobalSection
	GlobalSection(ProjectConfigurationPlatforms) = postSolution
		{B52BDD55-58C0-43C4-8CB3-EBFF4EA5D89C}.Debug|Any CPU.ActiveCfg = Debug|Any CPU
		{B52BDD55-58C0-43C4-8CB3-EBFF4EA5D89C}.Debug|Any CPU.Build.0 = Debug|Any CPU
		{B52BDD55-58C0-43C4-8CB3-EBFF4EA5D89C}.Release|Any CPU.ActiveCfg = Release|Any CPU
		{B52BDD55-58C0-43C4-8CB3-EBFF4EA5D89C}.Release|Any CPU.Build.0 = Release|Any CPU
	EndGlobalSection
	GlobalSection(SolutionProperties) = preSolution
		HideSolutionNode = FALSE
	EndGlobalSection
EndGlobal
