
Microsoft Visual Studio Solution File, Format Version 12.00
# Visual Studio 2012
Project("{FAE04EC0-301F-11D3-BF4B-00C04F79EFBC}") = "Sealed_Class", "Sealed_Class\Sealed_Class.csproj", "{BF41DD19-7554-44E0-B0BC-FF8A460B603E}"
EndProject
Global
	GlobalSection(SolutionConfigurationPlatforms) = preSolution
		Debug|Any CPU = Debug|Any CPU
		Release|Any CPU = Release|Any CPU
	EndGlobalSection
	GlobalSection(ProjectConfigurationPlatforms) = postSolution
		{BF41DD19-7554-44E0-B0BC-FF8A460B603E}.Debug|Any CPU.ActiveCfg = Debug|Any CPU
		{BF41DD19-7554-44E0-B0BC-FF8A460B603E}.Debug|Any CPU.Build.0 = Debug|Any CPU
		{BF41DD19-7554-44E0-B0BC-FF8A460B603E}.Release|Any CPU.ActiveCfg = Release|Any CPU
		{BF41DD19-7554-44E0-B0BC-FF8A460B603E}.Release|Any CPU.Build.0 = Release|Any CPU
	EndGlobalSection
	GlobalSection(SolutionProperties) = preSolution
		HideSolutionNode = FALSE
	EndGlobalSection
EndGlobal
